{
  "object": {
    "pins": [
      {
        "package": "AmazingWeakSequence",
        "repositoryURL": "https://github.com/khamitimur/AmazingWeakSequence",
        "state": {
          "branch": null,
          "revision": "8b8c8a2f802e2a32cb79ac2790d45ac5abc91a17",
          "version": "1.2.3"
        }
      }
    ]
  },
  "version": 1
}
